
Microsoft Visual Studio Solution File, Format Version 12.00
# Visual Studio Version 17
VisualStudioVersion = 17.14.36310.24 d17.14
MinimumVisualStudioVersion = 10.0.40219.1
Project("{C9674DCB-5085-4A16-B785-4C70DD1589BD}") = "RellenarFactWithDim", "RellenarFactWithDim\RellenarFactWithDim.dtproj", "{F5A4CEAE-279C-D41E-0DB4-AA28116D8B0C}"
EndProject
Global
	GlobalSection(SolutionConfigurationPlatforms) = preSolution
		Development|Default = Development|Default
	EndGlobalSection
	GlobalSection(ProjectConfigurationPlatforms) = postSolution
		{F5A4CEAE-279C-D41E-0DB4-AA28116D8B0C}.Development|Default.ActiveCfg = Development
		{F5A4CEAE-279C-D41E-0DB4-AA28116D8B0C}.Development|Default.Build.0 = Development
	EndGlobalSection
	GlobalSection(SolutionProperties) = preSolution
		HideSolutionNode = FALSE
	EndGlobalSection
	GlobalSection(ExtensibilityGlobals) = postSolution
		SolutionGuid = {26FFD13E-F3EE-461C-B3CB-BF1C6C91AD94}
	EndGlobalSection
EndGlobal
